// !$*UTF8*$!
{
	archiveVersion = 1;
	classes = {
	};
	objectVersion = 48;
	objects = {

/* Begin PBXBuildFile section */
		B6FB8B331F9D189D007C6331 /* AppDelegate.swift in Sources */ = {isa = PBXBuildFile; fileRef = B6FB8B321F9D189D007C6331 /* AppDelegate.swift */; };
		B6FB8B351F9D189D007C6331 /* ViewController.swift in Sources */ = {isa = PBXBuildFile; fileRef = B6FB8B341F9D189D007C6331 /* ViewController.swift */; };
		B6FB8B381F9D189D007C6331 /* Main.storyboard in Resources */ = {isa = PBXBuildFile; fileRef = B6FB8B361F9D189D007C6331 /* Main.storyboard */; };
		B6FB8B3A1F9D189D007C6331 /* Assets.xcassets in Resources */ = {isa = PBXBuildFile; fileRef = B6FB8B391F9D189D007C6331 /* Assets.xcassets */; };
		B6FB8B3D1F9D189D007C6331 /* LaunchScreen.storyboard in Resources */ = {isa = PBXBuildFile; fileRef = B6FB8B3B1F9D189D007C6331 /* LaunchScreen.storyboard */; };
		B6FB8B481F9D189D007C6331 /* Generic_TableView_DatasourceTests.swift in Sources */ = {isa = PBXBuildFile; fileRef = B6FB8B471F9D189D007C6331 /* Generic_TableView_DatasourceTests.swift */; };
		B6FB8B531F9D189D007C6331 /* Generic_TableView_DatasourceUITests.swift in Sources */ = {isa = PBXBuildFile; fileRef = B6FB8B521F9D189D007C6331 /* Generic_TableView_DatasourceUITests.swift */; };
/* End PBXBuildFile section */

/* Begin PBXContainerItemProxy section */
		B6FB8B441F9D189D007C6331 /* PBXContainerItemProxy */ = {
			isa = PBXContainerItemProxy;
			containerPortal = B6FB8B271F9D189D007C6331 /* Project object */;
			proxyType = 1;
			remoteGlobalIDString = B6FB8B2E1F9D189D007C6331;
			remoteInfo = "Generic-TableView-Datasource";
		};
		B6FB8B4F1F9D189D007C6331 /* PBXContainerItemProxy */ = {
			isa = PBXContainerItemProxy;
			containerPortal = B6FB8B271F9D189D007C6331 /* Project object */;
			proxyType = 1;
			remoteGlobalIDString = B6FB8B2E1F9D189D007C6331;
			remoteInfo = "Generic-TableView-Datasource";
		};
/* End PBXContainerItemProxy section */

/* Begin PBXFileReference section */
		B6FB8B2F1F9D189D007C6331 /* Generic-TableView-Datasource.app */ = {isa = PBXFileReference; explicitFileType = wrapper.application; includeInIndex = 0; path = "Generic-TableView-Datasource.app"; sourceTree = BUILT_PRODUCTS_DIR; };
		B6FB8B321F9D189D007C6331 /* AppDelegate.swift */ = {isa = PBXFileReference; lastKnownFileType = sourcecode.swift; path = AppDelegate.swift; sourceTree = "<group>"; };
		B6FB8B341F9D189D007C6331 /* ViewController.swift */ = {isa = PBXFileReference; lastKnownFileType = sourcecode.swift; path = ViewController.swift; sourceTree = "<group>"; };
		B6FB8B371F9D189D007C6331 /* Base */ = {isa = PBXFileReference; lastKnownFileType = file.storyboard; name = Base; path = Base.lproj/Main.storyboard; sourceTree = "<group>"; };
		B6FB8B391F9D189D007C6331 /* Assets.xcassets */ = {isa = PBXFileReference; lastKnownFileType = folder.assetcatalog; path = Assets.xcassets; sourceTree = "<group>"; };
		B6FB8B3C1F9D189D007C6331 /* Base */ = {isa = PBXFileReference; lastKnownFileType = file.storyboard; name = Base; path = Base.lproj/LaunchScreen.storyboard; sourceTree = "<group>"; };
		B6FB8B3E1F9D189D007C6331 /* Info.plist */ = {isa = PBXFileReference; lastKnownFileType = text.plist.xml; path = Info.plist; sourceTree = "<group>"; };
		B6FB8B431F9D189D007C6331 /* Generic-TableView-DatasourceTests.xctest */ = {isa = PBXFileReference; explicitFileType = wrapper.cfbundle; includeInIndex = 0; path = "Generic-TableView-DatasourceTests.xctest"; sourceTree = BUILT_PRODUCTS_DIR; };
		B6FB8B471F9D189D007C6331 /* Generic_TableView_DatasourceTests.swift */ = {isa = PBXFileReference; lastKnownFileType = sourcecode.swift; path = Generic_TableView_DatasourceTests.swift; sourceTree = "<group>"; };
		B6FB8B491F9D189D007C6331 /* Info.plist */ = {isa = PBXFileReference; lastKnownFileType = text.plist.xml; path = Info.plist; sourceTree = "<group>"; };
		B6FB8B4E1F9D189D007C6331 /* Generic-TableView-DatasourceUITests.xctest */ = {isa = PBXFileReference; explicitFileType = wrapper.cfbundle; includeInIndex = 0; path = "Generic-TableView-DatasourceUITests.xctest"; sourceTree = BUILT_PRODUCTS_DIR; };
		B6FB8B521F9D189D007C6331 /* Generic_TableView_DatasourceUITests.swift */ = {isa = PBXFileReference; lastKnownFileType = sourcecode.swift; path = Generic_TableView_DatasourceUITests.swift; sourceTree = "<group>"; };
		B6FB8B541F9D189D007C6331 /* Info.plist */ = {isa = PBXFileReference; lastKnownFileType = text.plist.xml; path = Info.plist; sourceTree = "<group>"; };
/* End PBXFileReference section */

/* Begin PBXFrameworksBuildPhase section */
		B6FB8B2C1F9D189D007C6331 /* Frameworks */ = {
			isa = PBXFrameworksBuildPhase;
			buildActionMask = 2147483647;
			files = (
			);
			runOnlyForDeploymentPostprocessing = 0;
		};
		B6FB8B401F9D189D007C6331 /* Frameworks */ = {
			isa = PBXFrameworksBuildPhase;
			buildActionMask = 2147483647;
			files = (
			);
			runOnlyForDeploymentPostprocessing = 0;
		};
		B6FB8B4B1F9D189D007C6331 /* Frameworks */ = {
			isa = PBXFrameworksBuildPhase;
			buildActionMask = 2147483647;
			files = (
			);
			runOnlyForDeploymentPostprocessing = 0;
		};
/* End PBXFrameworksBuildPhase section */

/* Begin PBXGroup section */
		B6FB8B261F9D189D007C6331 = {
			isa = PBXGroup;
			children = (
				B6FB8B311F9D189D007C6331 /* Generic-TableView-Datasource */,
				B6FB8B461F9D189D007C6331 /* Generic-TableView-DatasourceTests */,
				B6FB8B511F9D189D007C6331 /* Generic-TableView-DatasourceUITests */,
				B6FB8B301F9D189D007C6331 /* Products */,
			);
			sourceTree = "<group>";
		};
		B6FB8B301F9D189D007C6331 /* Products */ = {
			isa = PBXGroup;
			children = (
				B6FB8B2F1F9D189D007C6331 /* Generic-TableView-Datasource.app */,
				B6FB8B431F9D189D007C6331 /* Generic-TableView-DatasourceTests.xctest */,
				B6FB8B4E1F9D189D007C6331 /* Generic-TableView-DatasourceUITests.xctest */,
			);
			name = Products;
			sourceTree = "<group>";
		};
		B6FB8B311F9D189D007C6331 /* Generic-TableView-Datasource */ = {
			isa = PBXGroup;
			children = (
				B6FB8B321F9D189D007C6331 /* AppDelegate.swift */,
				B6FB8B341F9D189D007C6331 /* ViewController.swift */,
				B6FB8B361F9D189D007C6331 /* Main.storyboard */,
				B6FB8B391F9D189D007C6331 /* Assets.xcassets */,
				B6FB8B3B1F9D189D007C6331 /* LaunchScreen.storyboard */,
				B6FB8B3E1F9D189D007C6331 /* Info.plist */,
			);
			path = "Generic-TableView-Datasource";
			sourceTree = "<group>";
		};
		B6FB8B461F9D189D007C6331 /* Generic-TableView-DatasourceTests */ = {
			isa = PBXGroup;
			children = (
				B6FB8B471F9D189D007C6331 /* Generic_TableView_DatasourceTests.swift */,
				B6FB8B491F9D189D007C6331 /* Info.plist */,
			);
			path = "Generic-TableView-DatasourceTests";
			sourceTree = "<group>";
		};
		B6FB8B511F9D189D007C6331 /* Generic-TableView-DatasourceUITests */ = {
			isa = PBXGroup;
			children = (
				B6FB8B521F9D189D007C6331 /* Generic_TableView_DatasourceUITests.swift */,
				B6FB8B541F9D189D007C6331 /* Info.plist */,
			);
			path = "Generic-TableView-DatasourceUITests";
			sourceTree = "<group>";
		};
/* End PBXGroup section */

/* Begin PBXNativeTarget section */
		B6FB8B2E1F9D189D007C6331 /* Generic-TableView-Datasource */ = {
			isa = PBXNativeTarget;
			buildConfigurationList = B6FB8B571F9D189D007C6331 /* Build configuration list for PBXNativeTarget "Generic-TableView-Datasource" */;
			buildPhases = (
				B6FB8B2B1F9D189D007C6331 /* Sources */,
				B6FB8B2C1F9D189D007C6331 /* Frameworks */,
				B6FB8B2D1F9D189D007C6331 /* Resources */,
			);
			buildRules = (
			);
			dependencies = (
			);
			name = "Generic-TableView-Datasource";
			productName = "Generic-TableView-Datasource";
			productReference = B6FB8B2F1F9D189D007C6331 /* Generic-TableView-Datasource.app */;
			productType = "com.apple.product-type.application";
		};
		B6FB8B421F9D189D007C6331 /* Generic-TableView-DatasourceTests */ = {
			isa = PBXNativeTarget;
			buildConfigurationList = B6FB8B5A1F9D189D007C6331 /* Build configuration list for PBXNativeTarget "Generic-TableView-DatasourceTests" */;
			buildPhases = (
				B6FB8B3F1F9D189D007C6331 /* Sources */,
				B6FB8B401F9D189D007C6331 /* Frameworks */,
				B6FB8B411F9D189D007C6331 /* Resources */,
			);
			buildRules = (
			);
			dependencies = (
				B6FB8B451F9D189D007C6331 /* PBXTargetDependency */,
			);
			name = "Generic-TableView-DatasourceTests";
			productName = "Generic-TableView-DatasourceTests";
			productReference = B6FB8B431F9D189D007C6331 /* Generic-TableView-DatasourceTests.xctest */;
			productType = "com.apple.product-type.bundle.unit-test";
		};
		B6FB8B4D1F9D189D007C6331 /* Generic-TableView-DatasourceUITests */ = {
			isa = PBXNativeTarget;
			buildConfigurationList = B6FB8B5D1F9D189D007C6331 /* Build configuration list for PBXNativeTarget "Generic-TableView-DatasourceUITests" */;
			buildPhases = (
				B6FB8B4A1F9D189D007C6331 /* Sources */,
				B6FB8B4B1F9D189D007C6331 /* Frameworks */,
				B6FB8B4C1F9D189D007C6331 /* Resources */,
			);
			buildRules = (
			);
			dependencies = (
				B6FB8B501F9D189D007C6331 /* PBXTargetDependency */,
			);
			name = "Generic-TableView-DatasourceUITests";
			productName = "Generic-TableView-DatasourceUITests";
			productReference = B6FB8B4E1F9D189D007C6331 /* Generic-TableView-DatasourceUITests.xctest */;
			productType = "com.apple.product-type.bundle.ui-testing";
		};
/* End PBXNativeTarget section */

/* Begin PBXProject section */
		B6FB8B271F9D189D007C6331 /* Project object */ = {
			isa = PBXProject;
			attributes = {
				LastSwiftUpdateCheck = 0900;
				LastUpgradeCheck = 0900;
				ORGANIZATIONNAME = linxmap;
				TargetAttributes = {
					B6FB8B2E1F9D189D007C6331 = {
						CreatedOnToolsVersion = 9.0;
						ProvisioningStyle = Automatic;
					};
					B6FB8B421F9D189D007C6331 = {
						CreatedOnToolsVersion = 9.0;
						ProvisioningStyle = Automatic;
						TestTargetID = B6FB8B2E1F9D189D007C6331;
					};
					B6FB8B4D1F9D189D007C6331 = {
						CreatedOnToolsVersion = 9.0;
						ProvisioningStyle = Automatic;
						TestTargetID = B6FB8B2E1F9D189D007C6331;
					};
				};
			};
			buildConfigurationList = B6FB8B2A1F9D189D007C6331 /* Build configuration list for PBXProject "Generic-TableView-Datasource" */;
			compatibilityVersion = "Xcode 8.0";
			developmentRegion = en;
			hasScannedForEncodings = 0;
			knownRegions = (
				en,
				Base,
			);
			mainGroup = B6FB8B261F9D189D007C6331;
			productRefGroup = B6FB8B301F9D189D007C6331 /* Products */;
			projectDirPath = "";
			projectRoot = "";
			targets = (
				B6FB8B2E1F9D189D007C6331 /* Generic-TableView-Datasource */,
				B6FB8B421F9D189D007C6331 /* Generic-TableView-DatasourceTests */,
				B6FB8B4D1F9D189D007C6331 /* Generic-TableView-DatasourceUITests */,
			);
		};
/* End PBXProject section */

/* Begin PBXResourcesBuildPhase section */
		B6FB8B2D1F9D189D007C6331 /* Resources */ = {
			isa = PBXResourcesBuildPhase;
			buildActionMask = 2147483647;
			files = (
				B6FB8B3D1F9D189D007C6331 /* LaunchScreen.storyboard in Resources */,
				B6FB8B3A1F9D189D007C6331 /* Assets.xcassets in Resources */,
				B6FB8B381F9D189D007C6331 /* Main.storyboard in Resources */,
			);
			runOnlyForDeploymentPostprocessing = 0;
		};
		B6FB8B411F9D189D007C6331 /* Resources */ = {
			isa = PBXResourcesBuildPhase;
			buildActionMask = 2147483647;
			files = (
			);
			runOnlyForDeploymentPostprocessing = 0;
		};
		B6FB8B4C1F9D189D007C6331 /* Resources */ = {
			isa = PBXResourcesBuildPhase;
			buildActionMask = 2147483647;
			files = (
			);
			runOnlyForDeploymentPostprocessing = 0;
		};
/* End PBXResourcesBuildPhase section */

/* Begin PBXSourcesBuildPhase section */
		B6FB8B2B1F9D189D007C6331 /* Sources */ = {
			isa = PBXSourcesBuildPhase;
			buildActionMask = 2147483647;
			files = (
				B6FB8B351F9D189D007C6331 /* ViewController.swift in Sources */,
				B6FB8B331F9D189D007C6331 /* AppDelegate.swift in Sources */,
			);
			runOnlyForDeploymentPostprocessing = 0;
		};
		B6FB8B3F1F9D189D007C6331 /* Sources */ = {
			isa = PBXSourcesBuildPhase;
			buildActionMask = 2147483647;
			files = (
				B6FB8B481F9D189D007C6331 /* Generic_TableView_DatasourceTests.swift in Sources */,
			);
			runOnlyForDeploymentPostprocessing = 0;
		};
		B6FB8B4A1F9D189D007C6331 /* Sources */ = {
			isa = PBXSourcesBuildPhase;
			buildActionMask = 2147483647;
			files = (
				B6FB8B531F9D189D007C6331 /* Generic_TableView_DatasourceUITests.swift in Sources */,
			);
			runOnlyForDeploymentPostprocessing = 0;
		};
/* End PBXSourcesBuildPhase section */

/* Begin PBXTargetDependency section */
		B6FB8B451F9D189D007C6331 /* PBXTargetDependency */ = {
			isa = PBXTargetDependency;
			target = B6FB8B2E1F9D189D007C6331 /* Generic-TableView-Datasource */;
			targetProxy = B6FB8B441F9D189D007C6331 /* PBXContainerItemProxy */;
		};
		B6FB8B501F9D189D007C6331 /* PBXTargetDependency */ = {
			isa = PBXTargetDependency;
			target = B6FB8B2E1F9D189D007C6331 /* Generic-TableView-Datasource */;
			targetProxy = B6FB8B4F1F9D189D007C6331 /* PBXContainerItemProxy */;
		};
/* End PBXTargetDependency section */

/* Begin PBXVariantGroup section */
		B6FB8B361F9D189D007C6331 /* Main.storyboard */ = {
			isa = PBXVariantGroup;
			children = (
				B6FB8B371F9D189D007C6331 /* Base */,
			);
			name = Main.storyboard;
			sourceTree = "<group>";
		};
		B6FB8B3B1F9D189D007C6331 /* LaunchScreen.storyboard */ = {
			isa = PBXVariantGroup;
			children = (
				B6FB8B3C1F9D189D007C6331 /* Base */,
			);
			name = LaunchScreen.storyboard;
			sourceTree = "<group>";
		};
/* End PBXVariantGroup section */

/* Begin XCBuildConfiguration section */
		B6FB8B551F9D189D007C6331 /* Debug */ = {
			isa = XCBuildConfiguration;
			buildSettings = {
				ALWAYS_SEARCH_USER_PATHS = NO;
				CLANG_ANALYZER_NONNULL = YES;
				CLANG_ANALYZER_NUMBER_OBJECT_CONVERSION = YES_AGGRESSIVE;
				CLANG_CXX_LANGUAGE_STANDARD = "gnu++14";
				CLANG_CXX_LIBRARY = "libc++";
				CLANG_ENABLE_MODULES = YES;
				CLANG_ENABLE_OBJC_ARC = YES;
				CLANG_WARN_BLOCK_CAPTURE_AUTORELEASING = YES;
				CLANG_WARN_BOOL_CONVERSION = YES;
				CLANG_WARN_COMMA = YES;
				CLANG_WARN_CONSTANT_CONVERSION = YES;
				CLANG_WARN_DIRECT_OBJC_ISA_USAGE = YES_ERROR;
				CLANG_WARN_DOCUMENTATION_COMMENTS = YES;
				CLANG_WARN_EMPTY_BODY = YES;
				CLANG_WARN_ENUM_CONVERSION = YES;
				CLANG_WARN_INFINITE_RECURSION = YES;
				CLANG_WARN_INT_CONVERSION = YES;
				CLANG_WARN_NON_LITERAL_NULL_CONVERSION = YES;
				CLANG_WARN_OBJC_LITERAL_CONVERSION = YES;
				CLANG_WARN_OBJC_ROOT_CLASS = YES_ERROR;
				CLANG_WARN_RANGE_LOOP_ANALYSIS = YES;
				CLANG_WARN_STRICT_PROTOTYPES = YES;
				CLANG_WARN_SUSPICIOUS_MOVE = YES;
				CLANG_WARN_UNGUARDED_AVAILABILITY = YES_AGGRESSIVE;
				CLANG_WARN_UNREACHABLE_CODE = YES;
				CLANG_WARN__DUPLICATE_METHOD_MATCH = YES;
				CODE_SIGN_IDENTITY = "iPhone Developer";
				COPY_PHASE_STRIP = NO;
				DEBUG_INFORMATION_FORMAT = dwarf;
				ENABLE_STRICT_OBJC_MSGSEND = YES;
				ENABLE_TESTABILITY = YES;
				GCC_C_LANGUAGE_STANDARD = gnu11;
				GCC_DYNAMIC_NO_PIC = NO;
				GCC_NO_COMMON_BLOCKS = YES;
				GCC_OPTIMIZATION_LEVEL = 0;
				GCC_PREPROCESSOR_DEFINITIONS = (
					"DEBUG=1",
					"$(inherited)",
				);
				GCC_WARN_64_TO_32_BIT_CONVERSION = YES;
				GCC_WARN_ABOUT_RETURN_TYPE = YES_ERROR;
				GCC_WARN_UNDECLARED_SELECTOR = YES;
				GCC_WARN_UNINITIALIZED_AUTOS = YES_AGGRESSIVE;
				GCC_WARN_UNUSED_FUNCTION = YES;
				GCC_WARN_UNUSED_VARIABLE = YES;
				IPHONEOS_DEPLOYMENT_TARGET = 11.0;
				MTL_ENABLE_DEBUG_INFO = YES;
				ONLY_ACTIVE_ARCH = YES;
				SDKROOT = iphoneos;
				SWIFT_ACTIVE_COMPILATION_CONDITIONS = DEBUG;
				SWIFT_OPTIMIZATION_LEVEL = "-Onone";
			};
			name = Debug;
		};
		B6FB8B561F9D189D007C6331 /* Release */ = {
			isa = XCBuildConfiguration;
			buildSettings = {
				ALWAYS_SEARCH_USER_PATHS = NO;
				CLANG_ANALYZER_NONNULL = YES;
				CLANG_ANALYZER_NUMBER_OBJECT_CONVERSION = YES_AGGRESSIVE;
				CLANG_CXX_LANGUAGE_STANDARD = "gnu++14";
				CLANG_CXX_LIBRARY = "libc++";
				CLANG_ENABLE_MODULES = YES;
				CLANG_ENABLE_OBJC_ARC = YES;
				CLANG_WARN_BLOCK_CAPTURE_AUTORELEASING = YES;
				CLANG_WARN_BOOL_CONVERSION = YES;
				CLANG_WARN_COMMA = YES;
				CLANG_WARN_CONSTANT_CONVERSION = YES;
				CLANG_WARN_DIRECT_OBJC_ISA_USAGE = YES_ERROR;
				CLANG_WARN_DOCUMENTATION_COMMENTS = YES;
				CLANG_WARN_EMPTY_BODY = YES;
				CLANG_WARN_ENUM_CONVERSION = YES;
				CLANG_WARN_INFINITE_RECURSION = YES;
				CLANG_WARN_INT_CONVERSION = YES;
				CLANG_WARN_NON_LITERAL_NULL_CONVERSION = YES;
				CLANG_WARN_OBJC_LITERAL_CONVERSION = YES;
				CLANG_WARN_OBJC_ROOT_CLASS = YES_ERROR;
				CLANG_WARN_RANGE_LOOP_ANALYSIS = YES;
				CLANG_WARN_STRICT_PROTOTYPES = YES;
				CLANG_WARN_SUSPICIOUS_MOVE = YES;
				CLANG_WARN_UNGUARDED_AVAILABILITY = YES_AGGRESSIVE;
				CLANG_WARN_UNREACHABLE_CODE = YES;
				CLANG_WARN__DUPLICATE_METHOD_MATCH = YES;
				CODE_SIGN_IDENTITY = "iPhone Developer";
				COPY_PHASE_STRIP = NO;
				DEBUG_INFORMATION_FORMAT = "dwarf-with-dsym";
				ENABLE_NS_ASSERTIONS = NO;
				ENABLE_STRICT_OBJC_MSGSEND = YES;
				GCC_C_LANGUAGE_STANDARD = gnu11;
				GCC_NO_COMMON_BLOCKS = YES;
				GCC_WARN_64_TO_32_BIT_CONVERSION = YES;
				GCC_WARN_ABOUT_RETURN_TYPE = YES_ERROR;
				GCC_WARN_UNDECLARED_SELECTOR = YES;
				GCC_WARN_UNINITIALIZED_AUTOS = YES_AGGRESSIVE;
				GCC_WARN_UNUSED_FUNCTION = YES;
				GCC_WARN_UNUSED_VARIABLE = YES;
				IPHONEOS_DEPLOYMENT_TARGET = 11.0;
				MTL_ENABLE_DEBUG_INFO = NO;
				SDKROOT = iphoneos;
				SWIFT_OPTIMIZATION_LEVEL = "-Owholemodule";
				VALIDATE_PRODUCT = YES;
			};
			name = Release;
		};
		B6FB8B581F9D189D007C6331 /* Debug */ = {
			isa = XCBuildConfiguration;
			buildSettings = {
				ASSETCATALOG_COMPILER_APPICON_NAME = AppIcon;
				CODE_SIGN_STYLE = Automatic;
				DEVELOPMENT_TEAM = BDD95TS3QC;
				INFOPLIST_FILE = "Generic-TableView-Datasource/Info.plist";
				LD_RUNPATH_SEARCH_PATHS = "$(inherited) @executable_path/Frameworks";
				PRODUCT_BUNDLE_IDENTIFIER = "com.linxmap.ios.Generic-TableView-Datasource";
				PRODUCT_NAME = "$(TARGET_NAME)";
				SWIFT_VERSION = 4.0;
				TARGETED_DEVICE_FAMILY = "1,2";
			};
			name = Debug;
		};
		B6FB8B591F9D189D007C6331 /* Release */ = {
			isa = XCBuildConfiguration;
			buildSettings = {
				ASSETCATALOG_COMPILER_APPICON_NAME = AppIcon;
				CODE_SIGN_STYLE = Automatic;
				DEVELOPMENT_TEAM = BDD95TS3QC;
				INFOPLIST_FILE = "Generic-TableView-Datasource/Info.plist";
				LD_RUNPATH_SEARCH_PATHS = "$(inherited) @executable_path/Frameworks";
				PRODUCT_BUNDLE_IDENTIFIER = "com.linxmap.ios.Generic-TableView-Datasource";
				PRODUCT_NAME = "$(TARGET_NAME)";
				SWIFT_VERSION = 4.0;
				TARGETED_DEVICE_FAMILY = "1,2";
			};
			name = Release;
		};
		B6FB8B5B1F9D189D007C6331 /* Debug */ = {
			isa = XCBuildConfiguration;
			buildSettings = {
				ALWAYS_EMBED_SWIFT_STANDARD_LIBRARIES = YES;
				BUNDLE_LOADER = "$(TEST_HOST)";
				CODE_SIGN_STYLE = Automatic;
				DEVELOPMENT_TEAM = BDD95TS3QC;
				INFOPLIST_FILE = "Generic-TableView-DatasourceTests/Info.plist";
				LD_RUNPATH_SEARCH_PATHS = "$(inherited) @executable_path/Frameworks @loader_path/Frameworks";
				PRODUCT_BUNDLE_IDENTIFIER = "com.linxmap.ios.Generic-TableView-DatasourceTests";
				PRODUCT_NAME = "$(TARGET_NAME)";
				SWIFT_VERSION = 4.0;
				TARGETED_DEVICE_FAMILY = "1,2";
				TEST_HOST = "$(BUILT_PRODUCTS_DIR)/Generic-TableView-Datasource.app/Generic-TableView-Datasource";
			};
			name = Debug;
		};
		B6FB8B5C1F9D189D007C6331 /* Release */ = {
			isa = XCBuildConfiguration;
			buildSettings = {
				ALWAYS_EMBED_SWIFT_STANDARD_LIBRARIES = YES;
				BUNDLE_LOADER = "$(TEST_HOST)";
				CODE_SIGN_STYLE = Automatic;
				DEVELOPMENT_TEAM = BDD95TS3QC;
				INFOPLIST_FILE = "Generic-TableView-DatasourceTests/Info.plist";
				LD_RUNPATH_SEARCH_PATHS = "$(inherited) @executable_path/Frameworks @loader_path/Frameworks";
				PRODUCT_BUNDLE_IDENTIFIER = "com.linxmap.ios.Generic-TableView-DatasourceTests";
				PRODUCT_NAME = "$(TARGET_NAME)";
				SWIFT_VERSION = 4.0;
				TARGETED_DEVICE_FAMILY = "1,2";
				TEST_HOST = "$(BUILT_PRODUCTS_DIR)/Generic-TableView-Datasource.app/Generic-TableView-Datasource";
			};
			name = Release;
		};
		B6FB8B5E1F9D189D007C6331 /* Debug */ = {
			isa = XCBuildConfiguration;
			buildSettings = {
				ALWAYS_EMBED_SWIFT_STANDARD_LIBRARIES = YES;
				CODE_SIGN_STYLE = Automatic;
				DEVELOPMENT_TEAM = BDD95TS3QC;
				INFOPLIST_FILE = "Generic-TableView-DatasourceUITests/Info.plist";
				LD_RUNPATH_SEARCH_PATHS = "$(inherited) @executable_path/Frameworks @loader_path/Frameworks";
				PRODUCT_BUNDLE_IDENTIFIER = "com.linxmap.ios.Generic-TableView-DatasourceUITests";
				PRODUCT_NAME = "$(TARGET_NAME)";
				SWIFT_VERSION = 4.0;
				TARGETED_DEVICE_FAMILY = "1,2";
				TEST_TARGET_NAME = "Generic-TableView-Datasource";
			};
			name = Debug;
		};
		B6FB8B5F1F9D189D007C6331 /* Release */ = {
			isa = XCBuildConfiguration;
			buildSettings = {
				ALWAYS_EMBED_SWIFT_STANDARD_LIBRARIES = YES;
				CODE_SIGN_STYLE = Automatic;
				DEVELOPMENT_TEAM = BDD95TS3QC;
				INFOPLIST_FILE = "Generic-TableView-DatasourceUITests/Info.plist";
				LD_RUNPATH_SEARCH_PATHS = "$(inherited) @executable_path/Frameworks @loader_path/Frameworks";
				PRODUCT_BUNDLE_IDENTIFIER = "com.linxmap.ios.Generic-TableView-DatasourceUITests";
				PRODUCT_NAME = "$(TARGET_NAME)";
				SWIFT_VERSION = 4.0;
				TARGETED_DEVICE_FAMILY = "1,2";
				TEST_TARGET_NAME = "Generic-TableView-Datasource";
			};
			name = Release;
		};
/* End XCBuildConfiguration section */

/* Begin XCConfigurationList section */
		B6FB8B2A1F9D189D007C6331 /* Build configuration list for PBXProject "Generic-TableView-Datasource" */ = {
			isa = XCConfigurationList;
			buildConfigurations = (
				B6FB8B551F9D189D007C6331 /* Debug */,
				B6FB8B561F9D189D007C6331 /* Release */,
			);
			defaultConfigurationIsVisible = 0;
			defaultConfigurationName = Release;
		};
		B6FB8B571F9D189D007C6331 /* Build configuration list for PBXNativeTarget "Generic-TableView-Datasource" */ = {
			isa = XCConfigurationList;
			buildConfigurations = (
				B6FB8B581F9D189D007C6331 /* Debug */,
				B6FB8B591F9D189D007C6331 /* Release */,
			);
			defaultConfigurationIsVisible = 0;
			defaultConfigurationName = Release;
		};
		B6FB8B5A1F9D189D007C6331 /* Build configuration list for PBXNativeTarget "Generic-TableView-DatasourceTests" */ = {
			isa = XCConfigurationList;
			buildConfigurations = (
				B6FB8B5B1F9D189D007C6331 /* Debug */,
				B6FB8B5C1F9D189D007C6331 /* Release */,
			);
			defaultConfigurationIsVisible = 0;
			defaultConfigurationName = Release;
		};
		B6FB8B5D1F9D189D007C6331 /* Build configuration list for PBXNativeTarget "Generic-TableView-DatasourceUITests" */ = {
			isa = XCConfigurationList;
			buildConfigurations = (
				B6FB8B5E1F9D189D007C6331 /* Debug */,
				B6FB8B5F1F9D189D007C6331 /* Release */,
			);
			defaultConfigurationIsVisible = 0;
			defaultConfigurationName = Release;
		};
/* End XCConfigurationList section */
	};
	rootObject = B6FB8B271F9D189D007C6331 /* Project object */;
}
